// !$*UTF8*$!
{
	archiveVersion = 1;
	classes = {
	};
	objectVersion = 48;
	objects = {

/* Begin PBXBuildFile section */
		32D78B9A201F75C40071B926 /* AppDelegate.swift in Sources */ = {isa = PBXBuildFile; fileRef = 32D78B99201F75C40071B926 /* AppDelegate.swift */; };
		32D78B9C201F75C40071B926 /* ViewController.swift in Sources */ = {isa = PBXBuildFile; fileRef = 32D78B9B201F75C40071B926 /* ViewController.swift */; };
		32D78B9F201F75C40071B926 /* Main.storyboard in Resources */ = {isa = PBXBuildFile; fileRef = 32D78B9D201F75C40071B926 /* Main.storyboard */; };
		32D78BA1201F75C40071B926 /* Assets.xcassets in Resources */ = {isa = PBXBuildFile; fileRef = 32D78BA0201F75C40071B926 /* Assets.xcassets */; };
		32D78BA4201F75C40071B926 /* LaunchScreen.storyboard in Resources */ = {isa = PBXBuildFile; fileRef = 32D78BA2201F75C40071B926 /* LaunchScreen.storyboard */; };
		32D78BAF201F7ABE0071B926 /* ViewController.swift in Sources */ = {isa = PBXBuildFile; fileRef = 32D78B9B201F75C40071B926 /* ViewController.swift */; };
		32D78BB0201F7ABE0071B926 /* AppDelegate.swift in Sources */ = {isa = PBXBuildFile; fileRef = 32D78B99201F75C40071B926 /* AppDelegate.swift */; };
		32D78BB3201F7ABE0071B926 /* LaunchScreen.storyboard in Resources */ = {isa = PBXBuildFile; fileRef = 32D78BA2201F75C40071B926 /* LaunchScreen.storyboard */; };
		32D78BB4201F7ABE0071B926 /* Assets.xcassets in Resources */ = {isa = PBXBuildFile; fileRef = 32D78BA0201F75C40071B926 /* Assets.xcassets */; };
		32D78BB5201F7ABE0071B926 /* Main.storyboard in Resources */ = {isa = PBXBuildFile; fileRef = 32D78B9D201F75C40071B926 /* Main.storyboard */; };
/* End PBXBuildFile section */

/* Begin PBXFileReference section */
		32D78B96201F75C40071B926 /* LionHeartDemo.app */ = {isa = PBXFileReference; explicitFileType = wrapper.application; includeInIndex = 0; path = LionHeartDemo.app; sourceTree = BUILT_PRODUCTS_DIR; };
		32D78B99201F75C40071B926 /* AppDelegate.swift */ = {isa = PBXFileReference; lastKnownFileType = sourcecode.swift; path = AppDelegate.swift; sourceTree = "<group>"; };
		32D78B9B201F75C40071B926 /* ViewController.swift */ = {isa = PBXFileReference; lastKnownFileType = sourcecode.swift; path = ViewController.swift; sourceTree = "<group>"; };
		32D78B9E201F75C40071B926 /* Base */ = {isa = PBXFileReference; lastKnownFileType = file.storyboard; name = Base; path = Base.lproj/Main.storyboard; sourceTree = "<group>"; };
		32D78BA0201F75C40071B926 /* Assets.xcassets */ = {isa = PBXFileReference; lastKnownFileType = folder.assetcatalog; path = Assets.xcassets; sourceTree = "<group>"; };
		32D78BA3201F75C40071B926 /* Base */ = {isa = PBXFileReference; lastKnownFileType = file.storyboard; name = Base; path = Base.lproj/LaunchScreen.storyboard; sourceTree = "<group>"; };
		32D78BA5201F75C40071B926 /* Info.plist */ = {isa = PBXFileReference; lastKnownFileType = text.plist.xml; path = Info.plist; sourceTree = "<group>"; };
		32D78BB9201F7ABE0071B926 /* LionHeartDemo Dummy.app */ = {isa = PBXFileReference; explicitFileType = wrapper.application; includeInIndex = 0; path = "LionHeartDemo Dummy.app"; sourceTree = BUILT_PRODUCTS_DIR; };
		32D78BBB201F7B190071B926 /* Info-Dummy.plist */ = {isa = PBXFileReference; lastKnownFileType = text.plist.xml; path = "Info-Dummy.plist"; sourceTree = "<group>"; };
/* End PBXFileReference section */

/* Begin PBXFrameworksBuildPhase section */
		32D78B93201F75C40071B926 /* Frameworks */ = {
			isa = PBXFrameworksBuildPhase;
			buildActionMask = 2147483647;
			files = (
			);
			runOnlyForDeploymentPostprocessing = 0;
		};
		32D78BB1201F7ABE0071B926 /* Frameworks */ = {
			isa = PBXFrameworksBuildPhase;
			buildActionMask = 2147483647;
			files = (
			);
			runOnlyForDeploymentPostprocessing = 0;
		};
/* End PBXFrameworksBuildPhase section */

/* Begin PBXGroup section */
		32D78B8D201F75C40071B926 = {
			isa = PBXGroup;
			children = (
				32D78B98201F75C40071B926 /* LionHeartDemo */,
				32D78B97201F75C40071B926 /* Products */,
			);
			sourceTree = "<group>";
		};
		32D78B97201F75C40071B926 /* Products */ = {
			isa = PBXGroup;
			children = (
				32D78B96201F75C40071B926 /* LionHeartDemo.app */,
				32D78BB9201F7ABE0071B926 /* LionHeartDemo Dummy.app */,
			);
			name = Products;
			sourceTree = "<group>";
		};
		32D78B98201F75C40071B926 /* LionHeartDemo */ = {
			isa = PBXGroup;
			children = (
				32D78B99201F75C40071B926 /* AppDelegate.swift */,
				32D78B9B201F75C40071B926 /* ViewController.swift */,
				32D78B9D201F75C40071B926 /* Main.storyboard */,
				32D78BA0201F75C40071B926 /* Assets.xcassets */,
				32D78BA2201F75C40071B926 /* LaunchScreen.storyboard */,
				32D78BA5201F75C40071B926 /* Info.plist */,
				32D78BBB201F7B190071B926 /* Info-Dummy.plist */,
			);
			path = LionHeartDemo;
			sourceTree = "<group>";
		};
/* End PBXGroup section */

/* Begin PBXNativeTarget section */
		32D78B95201F75C40071B926 /* LionHeartDemo */ = {
			isa = PBXNativeTarget;
			buildConfigurationList = 32D78BA8201F75C40071B926 /* Build configuration list for PBXNativeTarget "LionHeartDemo" */;
			buildPhases = (
				32D78B92201F75C40071B926 /* Sources */,
				32D78B93201F75C40071B926 /* Frameworks */,
				32D78B94201F75C40071B926 /* Resources */,
			);
			buildRules = (
			);
			dependencies = (
			);
			name = LionHeartDemo;
			productName = LionHeartDemo;
			productReference = 32D78B96201F75C40071B926 /* LionHeartDemo.app */;
			productType = "com.apple.product-type.application";
		};
		32D78BAD201F7ABE0071B926 /* LionHeartDemo Dummy */ = {
			isa = PBXNativeTarget;
			buildConfigurationList = 32D78BB6201F7ABE0071B926 /* Build configuration list for PBXNativeTarget "LionHeartDemo Dummy" */;
			buildPhases = (
				32D78BAE201F7ABE0071B926 /* Sources */,
				32D78BB1201F7ABE0071B926 /* Frameworks */,
				32D78BB2201F7ABE0071B926 /* Resources */,
			);
			buildRules = (
			);
			dependencies = (
			);
			name = "LionHeartDemo Dummy";
			productName = LionHeartDemo;
			productReference = 32D78BB9201F7ABE0071B926 /* LionHeartDemo Dummy.app */;
			productType = "com.apple.product-type.application";
		};
/* End PBXNativeTarget section */

/* Begin PBXProject section */
		32D78B8E201F75C40071B926 /* Project object */ = {
			isa = PBXProject;
			attributes = {
				LastSwiftUpdateCheck = 0920;
				LastUpgradeCheck = 0920;
				ORGANIZATIONNAME = "Stoyan Stoyanov";
				TargetAttributes = {
					32D78B95201F75C40071B926 = {
						CreatedOnToolsVersion = 9.2;
						ProvisioningStyle = Automatic;
					};
					32D78BAD201F7ABE0071B926 = {
						ProvisioningStyle = Automatic;
					};
				};
			};
			buildConfigurationList = 32D78B91201F75C40071B926 /* Build configuration list for PBXProject "LionHeartDemo" */;
			compatibilityVersion = "Xcode 8.0";
			developmentRegion = en;
			hasScannedForEncodings = 0;
			knownRegions = (
				en,
				Base,
			);
			mainGroup = 32D78B8D201F75C40071B926;
			productRefGroup = 32D78B97201F75C40071B926 /* Products */;
			projectDirPath = "";
			projectRoot = "";
			targets = (
				32D78B95201F75C40071B926 /* LionHeartDemo */,
				32D78BAD201F7ABE0071B926 /* LionHeartDemo Dummy */,
			);
		};
/* End PBXProject section */

/* Begin PBXResourcesBuildPhase section */
		32D78B94201F75C40071B926 /* Resources */ = {
			isa = PBXResourcesBuildPhase;
			buildActionMask = 2147483647;
			files = (
				32D78BA4201F75C40071B926 /* LaunchScreen.storyboard in Resources */,
				32D78BA1201F75C40071B926 /* Assets.xcassets in Resources */,
				32D78B9F201F75C40071B926 /* Main.storyboard in Resources */,
			);
			runOnlyForDeploymentPostprocessing = 0;
		};
		32D78BB2201F7ABE0071B926 /* Resources */ = {
			isa = PBXResourcesBuildPhase;
			buildActionMask = 2147483647;
			files = (
				32D78BB3201F7ABE0071B926 /* LaunchScreen.storyboard in Resources */,
				32D78BB4201F7ABE0071B926 /* Assets.xcassets in Resources */,
				32D78BB5201F7ABE0071B926 /* Main.storyboard in Resources */,
			);
			runOnlyForDeploymentPostprocessing = 0;
		};
/* End PBXResourcesBuildPhase section */

/* Begin PBXSourcesBuildPhase section */
		32D78B92201F75C40071B926 /* Sources */ = {
			isa = PBXSourcesBuildPhase;
			buildActionMask = 2147483647;
			files = (
				32D78B9C201F75C40071B926 /* ViewController.swift in Sources */,
				32D78B9A201F75C40071B926 /* AppDelegate.swift in Sources */,
			);
			runOnlyForDeploymentPostprocessing = 0;
		};
		32D78BAE201F7ABE0071B926 /* Sources */ = {
			isa = PBXSourcesBuildPhase;
			buildActionMask = 2147483647;
			files = (
				32D78BAF201F7ABE0071B926 /* ViewController.swift in Sources */,
				32D78BB0201F7ABE0071B926 /* AppDelegate.swift in Sources */,
			);
			runOnlyForDeploymentPostprocessing = 0;
		};
/* End PBXSourcesBuildPhase section */

/* Begin PBXVariantGroup section */
		32D78B9D201F75C40071B926 /* Main.storyboard */ = {
			isa = PBXVariantGroup;
			children = (
				32D78B9E201F75C40071B926 /* Base */,
			);
			name = Main.storyboard;
			sourceTree = "<group>";
		};
		32D78BA2201F75C40071B926 /* LaunchScreen.storyboard */ = {
			isa = PBXVariantGroup;
			children = (
				32D78BA3201F75C40071B926 /* Base */,
			);
			name = LaunchScreen.storyboard;
			sourceTree = "<group>";
		};
/* End PBXVariantGroup section */

/* Begin XCBuildConfiguration section */
		32D78BA6201F75C40071B926 /* Debug */ = {
			isa = XCBuildConfiguration;
			buildSettings = {
				ALWAYS_SEARCH_USER_PATHS = NO;
				CLANG_ANALYZER_NONNULL = YES;
				CLANG_ANALYZER_NUMBER_OBJECT_CONVERSION = YES_AGGRESSIVE;
				CLANG_CXX_LANGUAGE_STANDARD = "gnu++14";
				CLANG_CXX_LIBRARY = "libc++";
				CLANG_ENABLE_MODULES = YES;
				CLANG_ENABLE_OBJC_ARC = YES;
				CLANG_WARN_BLOCK_CAPTURE_AUTORELEASING = YES;
				CLANG_WARN_BOOL_CONVERSION = YES;
				CLANG_WARN_COMMA = YES;
				CLANG_WARN_CONSTANT_CONVERSION = YES;
				CLANG_WARN_DIRECT_OBJC_ISA_USAGE = YES_ERROR;
				CLANG_WARN_DOCUMENTATION_COMMENTS = YES;
				CLANG_WARN_EMPTY_BODY = YES;
				CLANG_WARN_ENUM_CONVERSION = YES;
				CLANG_WARN_INFINITE_RECURSION = YES;
				CLANG_WARN_INT_CONVERSION = YES;
				CLANG_WARN_NON_LITERAL_NULL_CONVERSION = YES;
				CLANG_WARN_OBJC_LITERAL_CONVERSION = YES;
				CLANG_WARN_OBJC_ROOT_CLASS = YES_ERROR;
				CLANG_WARN_RANGE_LOOP_ANALYSIS = YES;
				CLANG_WARN_STRICT_PROTOTYPES = YES;
				CLANG_WARN_SUSPICIOUS_MOVE = YES;
				CLANG_WARN_UNGUARDED_AVAILABILITY = YES_AGGRESSIVE;
				CLANG_WARN_UNREACHABLE_CODE = YES;
				CLANG_WARN__DUPLICATE_METHOD_MATCH = YES;
				CODE_SIGN_IDENTITY = "iPhone Developer";
				COPY_PHASE_STRIP = NO;
				DEBUG_INFORMATION_FORMAT = dwarf;
				ENABLE_STRICT_OBJC_MSGSEND = YES;
				ENABLE_TESTABILITY = YES;
				GCC_C_LANGUAGE_STANDARD = gnu11;
				GCC_DYNAMIC_NO_PIC = NO;
				GCC_NO_COMMON_BLOCKS = YES;
				GCC_OPTIMIZATION_LEVEL = 0;
				GCC_PREPROCESSOR_DEFINITIONS = (
					"DEBUG=1",
					"$(inherited)",
				);
				GCC_WARN_64_TO_32_BIT_CONVERSION = YES;
				GCC_WARN_ABOUT_RETURN_TYPE = YES_ERROR;
				GCC_WARN_UNDECLARED_SELECTOR = YES;
				GCC_WARN_UNINITIALIZED_AUTOS = YES_AGGRESSIVE;
				GCC_WARN_UNUSED_FUNCTION = YES;
				GCC_WARN_UNUSED_VARIABLE = YES;
				IPHONEOS_DEPLOYMENT_TARGET = 11.2;
				MTL_ENABLE_DEBUG_INFO = YES;
				ONLY_ACTIVE_ARCH = YES;
				SDKROOT = iphoneos;
				SWIFT_ACTIVE_COMPILATION_CONDITIONS = DEBUG;
				SWIFT_OPTIMIZATION_LEVEL = "-Onone";
			};
			name = Debug;
		};
		32D78BA7201F75C40071B926 /* Release */ = {
			isa = XCBuildConfiguration;
			buildSettings = {
				ALWAYS_SEARCH_USER_PATHS = NO;
				CLANG_ANALYZER_NONNULL = YES;
				CLANG_ANALYZER_NUMBER_OBJECT_CONVERSION = YES_AGGRESSIVE;
				CLANG_CXX_LANGUAGE_STANDARD = "gnu++14";
				CLANG_CXX_LIBRARY = "libc++";
				CLANG_ENABLE_MODULES = YES;
				CLANG_ENABLE_OBJC_ARC = YES;
				CLANG_WARN_BLOCK_CAPTURE_AUTORELEASING = YES;
				CLANG_WARN_BOOL_CONVERSION = YES;
				CLANG_WARN_COMMA = YES;
				CLANG_WARN_CONSTANT_CONVERSION = YES;
				CLANG_WARN_DIRECT_OBJC_ISA_USAGE = YES_ERROR;
				CLANG_WARN_DOCUMENTATION_COMMENTS = YES;
				CLANG_WARN_EMPTY_BODY = YES;
				CLANG_WARN_ENUM_CONVERSION = YES;
				CLANG_WARN_INFINITE_RECURSION = YES;
				CLANG_WARN_INT_CONVERSION = YES;
				CLANG_WARN_NON_LITERAL_NULL_CONVERSION = YES;
				CLANG_WARN_OBJC_LITERAL_CONVERSION = YES;
				CLANG_WARN_OBJC_ROOT_CLASS = YES_ERROR;
				CLANG_WARN_RANGE_LOOP_ANALYSIS = YES;
				CLANG_WARN_STRICT_PROTOTYPES = YES;
				CLANG_WARN_SUSPICIOUS_MOVE = YES;
				CLANG_WARN_UNGUARDED_AVAILABILITY = YES_AGGRESSIVE;
				CLANG_WARN_UNREACHABLE_CODE = YES;
				CLANG_WARN__DUPLICATE_METHOD_MATCH = YES;
				CODE_SIGN_IDENTITY = "iPhone Developer";
				COPY_PHASE_STRIP = NO;
				DEBUG_INFORMATION_FORMAT = "dwarf-with-dsym";
				ENABLE_NS_ASSERTIONS = NO;
				ENABLE_STRICT_OBJC_MSGSEND = YES;
				GCC_C_LANGUAGE_STANDARD = gnu11;
				GCC_NO_COMMON_BLOCKS = YES;
				GCC_WARN_64_TO_32_BIT_CONVERSION = YES;
				GCC_WARN_ABOUT_RETURN_TYPE = YES_ERROR;
				GCC_WARN_UNDECLARED_SELECTOR = YES;
				GCC_WARN_UNINITIALIZED_AUTOS = YES_AGGRESSIVE;
				GCC_WARN_UNUSED_FUNCTION = YES;
				GCC_WARN_UNUSED_VARIABLE = YES;
				IPHONEOS_DEPLOYMENT_TARGET = 11.2;
				MTL_ENABLE_DEBUG_INFO = NO;
				SDKROOT = iphoneos;
				SWIFT_OPTIMIZATION_LEVEL = "-Owholemodule";
				VALIDATE_PRODUCT = YES;
			};
			name = Release;
		};
		32D78BA9201F75C40071B926 /* Debug */ = {
			isa = XCBuildConfiguration;
			buildSettings = {
				ASSETCATALOG_COMPILER_APPICON_NAME = AppIcon;
				CODE_SIGN_STYLE = Automatic;
				DEVELOPMENT_TEAM = PPF77J63K7;
				INFOPLIST_FILE = LionHeartDemo/Info.plist;
				LD_RUNPATH_SEARCH_PATHS = "$(inherited) @executable_path/Frameworks";
				PRODUCT_BUNDLE_IDENTIFIER = "com.stoyan-stoyanov.LionHeartDemo";
				PRODUCT_NAME = "$(TARGET_NAME)";
				SWIFT_VERSION = 4.0;
				TARGETED_DEVICE_FAMILY = 1;
			};
			name = Debug;
		};
		32D78BAA201F75C40071B926 /* Release */ = {
			isa = XCBuildConfiguration;
			buildSettings = {
				ASSETCATALOG_COMPILER_APPICON_NAME = AppIcon;
				CODE_SIGN_STYLE = Automatic;
				DEVELOPMENT_TEAM = PPF77J63K7;
				INFOPLIST_FILE = LionHeartDemo/Info.plist;
				LD_RUNPATH_SEARCH_PATHS = "$(inherited) @executable_path/Frameworks";
				PRODUCT_BUNDLE_IDENTIFIER = "com.stoyan-stoyanov.LionHeartDemo";
				PRODUCT_NAME = "$(TARGET_NAME)";
				SWIFT_VERSION = 4.0;
				TARGETED_DEVICE_FAMILY = 1;
			};
			name = Release;
		};
		32D78BB7201F7ABE0071B926 /* Debug */ = {
			isa = XCBuildConfiguration;
			buildSettings = {
				ASSETCATALOG_COMPILER_APPICON_NAME = AppIcon;
				CODE_SIGN_STYLE = Automatic;
				DEVELOPMENT_TEAM = PPF77J63K7;
				INFOPLIST_FILE = "$(SRCROOT)/LionHeartDemo/Info-Dummy.plist";
				LD_RUNPATH_SEARCH_PATHS = "$(inherited) @executable_path/Frameworks";
				OTHER_SWIFT_FLAGS = "-DDUMMY";
				PRODUCT_BUNDLE_IDENTIFIER = "com.stoyan-stoyanov.LionHeartDemo.Dummy";
				PRODUCT_NAME = "$(TARGET_NAME)";
				SWIFT_VERSION = 4.0;
				TARGETED_DEVICE_FAMILY = 1;
			};
			name = Debug;
		};
		32D78BB8201F7ABE0071B926 /* Release */ = {
			isa = XCBuildConfiguration;
			buildSettings = {
				ASSETCATALOG_COMPILER_APPICON_NAME = AppIcon;
				CODE_SIGN_STYLE = Automatic;
				DEVELOPMENT_TEAM = PPF77J63K7;
				INFOPLIST_FILE = "$(SRCROOT)/LionHeartDemo/Info-Dummy.plist";
				LD_RUNPATH_SEARCH_PATHS = "$(inherited) @executable_path/Frameworks";
				OTHER_SWIFT_FLAGS = "-DDUMMY";
				PRODUCT_BUNDLE_IDENTIFIER = "com.stoyan-stoyanov.LionHeartDemo.Dummy";
				PRODUCT_NAME = "$(TARGET_NAME)";
				SWIFT_VERSION = 4.0;
				TARGETED_DEVICE_FAMILY = 1;
			};
			name = Release;
		};
/* End XCBuildConfiguration section */

/* Begin XCConfigurationList section */
		32D78B91201F75C40071B926 /* Build configuration list for PBXProject "LionHeartDemo" */ = {
			isa = XCConfigurationList;
			buildConfigurations = (
				32D78BA6201F75C40071B926 /* Debug */,
				32D78BA7201F75C40071B926 /* Release */,
			);
			defaultConfigurationIsVisible = 0;
			defaultConfigurationName = Release;
		};
		32D78BA8201F75C40071B926 /* Build configuration list for PBXNativeTarget "LionHeartDemo" */ = {
			isa = XCConfigurationList;
			buildConfigurations = (
				32D78BA9201F75C40071B926 /* Debug */,
				32D78BAA201F75C40071B926 /* Release */,
			);
			defaultConfigurationIsVisible = 0;
			defaultConfigurationName = Release;
		};
		32D78BB6201F7ABE0071B926 /* Build configuration list for PBXNativeTarget "LionHeartDemo Dummy" */ = {
			isa = XCConfigurationList;
			buildConfigurations = (
				32D78BB7201F7ABE0071B926 /* Debug */,
				32D78BB8201F7ABE0071B926 /* Release */,
			);
			defaultConfigurationIsVisible = 0;
			defaultConfigurationName = Release;
		};
/* End XCConfigurationList section */
	};
	rootObject = 32D78B8E201F75C40071B926 /* Project object */;
}
