// !$*UTF8*$!
{
	archiveVersion = 1;
	classes = {
	};
	objectVersion = 48;
	objects = {

/* Begin PBXBuildFile section */
		322927F3201F8775002E2541 /* MainFeedCollectionViewLayout.swift in Sources */ = {isa = PBXBuildFile; fileRef = 322927F2201F8775002E2541 /* MainFeedCollectionViewLayout.swift */; };
		322927F4201F8775002E2541 /* MainFeedCollectionViewLayout.swift in Sources */ = {isa = PBXBuildFile; fileRef = 322927F2201F8775002E2541 /* MainFeedCollectionViewLayout.swift */; };
		322927F6201F9E1A002E2541 /* MainFeedViewModel.swift in Sources */ = {isa = PBXBuildFile; fileRef = 322927F5201F9E1A002E2541 /* MainFeedViewModel.swift */; };
		322927F7201F9E1A002E2541 /* MainFeedViewModel.swift in Sources */ = {isa = PBXBuildFile; fileRef = 322927F5201F9E1A002E2541 /* MainFeedViewModel.swift */; };
		322927F9201F9E6B002E2541 /* PhotoFeedCell.swift in Sources */ = {isa = PBXBuildFile; fileRef = 322927F8201F9E6B002E2541 /* PhotoFeedCell.swift */; };
		322927FA201F9E6B002E2541 /* PhotoFeedCell.swift in Sources */ = {isa = PBXBuildFile; fileRef = 322927F8201F9E6B002E2541 /* PhotoFeedCell.swift */; };
		322927FC201FB837002E2541 /* Photo.swift in Sources */ = {isa = PBXBuildFile; fileRef = 322927FB201FB837002E2541 /* Photo.swift */; };
		322927FD201FB837002E2541 /* Photo.swift in Sources */ = {isa = PBXBuildFile; fileRef = 322927FB201FB837002E2541 /* Photo.swift */; };
		32292800201FC0AA002E2541 /* DummyDataProvider.swift in Sources */ = {isa = PBXBuildFile; fileRef = 322927FE201FC0AA002E2541 /* DummyDataProvider.swift */; };
		32292802201FCD43002E2541 /* GlobalHelpers.swift in Sources */ = {isa = PBXBuildFile; fileRef = 32292801201FCD43002E2541 /* GlobalHelpers.swift */; };
		32292803201FCD43002E2541 /* GlobalHelpers.swift in Sources */ = {isa = PBXBuildFile; fileRef = 32292801201FCD43002E2541 /* GlobalHelpers.swift */; };
		32292806201FCFD8002E2541 /* DummyDataProvider.swift in Sources */ = {isa = PBXBuildFile; fileRef = 322927FE201FC0AA002E2541 /* DummyDataProvider.swift */; };
		322B0B0A2020FE7D003DD7EB /* EditPhotoViewController.swift in Sources */ = {isa = PBXBuildFile; fileRef = 322B0B092020FE7D003DD7EB /* EditPhotoViewController.swift */; };
		322B0B0B2020FE7D003DD7EB /* EditPhotoViewController.swift in Sources */ = {isa = PBXBuildFile; fileRef = 322B0B092020FE7D003DD7EB /* EditPhotoViewController.swift */; };
		322B0B0D20210912003DD7EB /* EditPhotoViewModel.swift in Sources */ = {isa = PBXBuildFile; fileRef = 322B0B0C20210912003DD7EB /* EditPhotoViewModel.swift */; };
		322B0B0E20210912003DD7EB /* EditPhotoViewModel.swift in Sources */ = {isa = PBXBuildFile; fileRef = 322B0B0C20210912003DD7EB /* EditPhotoViewModel.swift */; };
		322B0B102022677D003DD7EB /* OpenImageAnimator.swift in Sources */ = {isa = PBXBuildFile; fileRef = 322B0B0F2022677D003DD7EB /* OpenImageAnimator.swift */; };
		322B0B112022677D003DD7EB /* OpenImageAnimator.swift in Sources */ = {isa = PBXBuildFile; fileRef = 322B0B0F2022677D003DD7EB /* OpenImageAnimator.swift */; };
		32D78B9A201F75C40071B926 /* AppDelegate.swift in Sources */ = {isa = PBXBuildFile; fileRef = 32D78B99201F75C40071B926 /* AppDelegate.swift */; };
		32D78B9F201F75C40071B926 /* Main.storyboard in Resources */ = {isa = PBXBuildFile; fileRef = 32D78B9D201F75C40071B926 /* Main.storyboard */; };
		32D78BA1201F75C40071B926 /* Assets.xcassets in Resources */ = {isa = PBXBuildFile; fileRef = 32D78BA0201F75C40071B926 /* Assets.xcassets */; };
		32D78BA4201F75C40071B926 /* LaunchScreen.storyboard in Resources */ = {isa = PBXBuildFile; fileRef = 32D78BA2201F75C40071B926 /* LaunchScreen.storyboard */; };
		32D78BAC201F78FE0071B926 /* MainFeedCollectionViewController.swift in Sources */ = {isa = PBXBuildFile; fileRef = 32D78BAB201F78FE0071B926 /* MainFeedCollectionViewController.swift */; };
		32D78BBC201F7DB80071B926 /* Main.storyboard in Resources */ = {isa = PBXBuildFile; fileRef = 32D78B9D201F75C40071B926 /* Main.storyboard */; };
		32D78BBD201F7DBB0071B926 /* MainFeedCollectionViewController.swift in Sources */ = {isa = PBXBuildFile; fileRef = 32D78BAB201F78FE0071B926 /* MainFeedCollectionViewController.swift */; };
		32D78BBE201F7DBF0071B926 /* AppDelegate.swift in Sources */ = {isa = PBXBuildFile; fileRef = 32D78B99201F75C40071B926 /* AppDelegate.swift */; };
		32D78BBF201F7DC30071B926 /* LaunchScreen.storyboard in Resources */ = {isa = PBXBuildFile; fileRef = 32D78BA2201F75C40071B926 /* LaunchScreen.storyboard */; };
		32D78BC0201F7DC80071B926 /* Assets.xcassets in Resources */ = {isa = PBXBuildFile; fileRef = 32D78BA0201F75C40071B926 /* Assets.xcassets */; };
		32D78BC2201F80320071B926 /* DummyImages.xcassets in Resources */ = {isa = PBXBuildFile; fileRef = 32D78BC1201F80320071B926 /* DummyImages.xcassets */; };
		59A096702023CEEE00C69191 /* PhotoFeedManager.swift in Sources */ = {isa = PBXBuildFile; fileRef = 59A0966F2023CEEE00C69191 /* PhotoFeedManager.swift */; };
		59A096712023CEEE00C69191 /* PhotoFeedManager.swift in Sources */ = {isa = PBXBuildFile; fileRef = 59A0966F2023CEEE00C69191 /* PhotoFeedManager.swift */; };
		59A096732023DCED00C69191 /* GETImageNetworkingOperation.swift in Sources */ = {isa = PBXBuildFile; fileRef = 59A096722023DCED00C69191 /* GETImageNetworkingOperation.swift */; };
		59A096742023DCED00C69191 /* GETImageNetworkingOperation.swift in Sources */ = {isa = PBXBuildFile; fileRef = 59A096722023DCED00C69191 /* GETImageNetworkingOperation.swift */; };
		59A096752023DD1E00C69191 /* APIConstants.swift in Sources */ = {isa = PBXBuildFile; fileRef = 59A9B18F2023B78600033F43 /* APIConstants.swift */; };
		59A096762023DD2200C69191 /* NetworkingOperationManager.swift in Sources */ = {isa = PBXBuildFile; fileRef = 59A9B1822023B28800033F43 /* NetworkingOperationManager.swift */; };
		59A096772023DD2500C69191 /* PhotoFeedManager.swift in Sources */ = {isa = PBXBuildFile; fileRef = 59A0966F2023CEEE00C69191 /* PhotoFeedManager.swift */; };
		59A096782023DD2800C69191 /* BasicOperation.swift in Sources */ = {isa = PBXBuildFile; fileRef = 59A9B1862023B2D600033F43 /* BasicOperation.swift */; };
		59A096792023DD2B00C69191 /* BasicNetworkingOperation.swift in Sources */ = {isa = PBXBuildFile; fileRef = 59A9B1892023B34B00033F43 /* BasicNetworkingOperation.swift */; };
		59A0967A2023DD2D00C69191 /* GETFlickrFeedNetworkingOperation.swift in Sources */ = {isa = PBXBuildFile; fileRef = 59A9B18C2023B6C800033F43 /* GETFlickrFeedNetworkingOperation.swift */; };
		59A0967B2023DD3000C69191 /* GETImageNetworkingOperation.swift in Sources */ = {isa = PBXBuildFile; fileRef = 59A096722023DCED00C69191 /* GETImageNetworkingOperation.swift */; };
		59A9B1832023B28800033F43 /* NetworkingOperationManager.swift in Sources */ = {isa = PBXBuildFile; fileRef = 59A9B1822023B28800033F43 /* NetworkingOperationManager.swift */; };
		59A9B1872023B2D600033F43 /* BasicOperation.swift in Sources */ = {isa = PBXBuildFile; fileRef = 59A9B1862023B2D600033F43 /* BasicOperation.swift */; };
		59A9B18A2023B34B00033F43 /* BasicNetworkingOperation.swift in Sources */ = {isa = PBXBuildFile; fileRef = 59A9B1892023B34B00033F43 /* BasicNetworkingOperation.swift */; };
		59A9B18D2023B6C800033F43 /* GETFlickrFeedNetworkingOperation.swift in Sources */ = {isa = PBXBuildFile; fileRef = 59A9B18C2023B6C800033F43 /* GETFlickrFeedNetworkingOperation.swift */; };
		59A9B1902023B78600033F43 /* APIConstants.swift in Sources */ = {isa = PBXBuildFile; fileRef = 59A9B18F2023B78600033F43 /* APIConstants.swift */; };
		59A9B1942023B84E00033F43 /* BasicOperation.swift in Sources */ = {isa = PBXBuildFile; fileRef = 59A9B1862023B2D600033F43 /* BasicOperation.swift */; };
		59A9B1952023B84E00033F43 /* Photo.swift in Sources */ = {isa = PBXBuildFile; fileRef = 322927FB201FB837002E2541 /* Photo.swift */; };
		59A9B1962023B84E00033F43 /* GlobalHelpers.swift in Sources */ = {isa = PBXBuildFile; fileRef = 32292801201FCD43002E2541 /* GlobalHelpers.swift */; };
		59A9B1972023B84E00033F43 /* AppDelegate.swift in Sources */ = {isa = PBXBuildFile; fileRef = 32D78B99201F75C40071B926 /* AppDelegate.swift */; };
		59A9B1982023B84E00033F43 /* APIConstants.swift in Sources */ = {isa = PBXBuildFile; fileRef = 59A9B18F2023B78600033F43 /* APIConstants.swift */; };
		59A9B1992023B84E00033F43 /* GETFlickrFeedNetworkingOperation.swift in Sources */ = {isa = PBXBuildFile; fileRef = 59A9B18C2023B6C800033F43 /* GETFlickrFeedNetworkingOperation.swift */; };
		59A9B19A2023B84E00033F43 /* DummyDataProvider.swift in Sources */ = {isa = PBXBuildFile; fileRef = 322927FE201FC0AA002E2541 /* DummyDataProvider.swift */; };
		59A9B19B2023B84E00033F43 /* PhotoFeedCell.swift in Sources */ = {isa = PBXBuildFile; fileRef = 322927F8201F9E6B002E2541 /* PhotoFeedCell.swift */; };
		59A9B19C2023B84E00033F43 /* MainFeedCollectionViewController.swift in Sources */ = {isa = PBXBuildFile; fileRef = 32D78BAB201F78FE0071B926 /* MainFeedCollectionViewController.swift */; };
		59A9B19D2023B84E00033F43 /* OpenImageAnimator.swift in Sources */ = {isa = PBXBuildFile; fileRef = 322B0B0F2022677D003DD7EB /* OpenImageAnimator.swift */; };
		59A9B19E2023B84E00033F43 /* MainFeedCollectionViewLayout.swift in Sources */ = {isa = PBXBuildFile; fileRef = 322927F2201F8775002E2541 /* MainFeedCollectionViewLayout.swift */; };
		59A9B19F2023B84E00033F43 /* EditPhotoViewController.swift in Sources */ = {isa = PBXBuildFile; fileRef = 322B0B092020FE7D003DD7EB /* EditPhotoViewController.swift */; };
		59A9B1A02023B84E00033F43 /* MainFeedViewModel.swift in Sources */ = {isa = PBXBuildFile; fileRef = 322927F5201F9E1A002E2541 /* MainFeedViewModel.swift */; };
		59A9B1A12023B84E00033F43 /* NetworkingOperationManager.swift in Sources */ = {isa = PBXBuildFile; fileRef = 59A9B1822023B28800033F43 /* NetworkingOperationManager.swift */; };
		59A9B1A22023B84E00033F43 /* BasicNetworkingOperation.swift in Sources */ = {isa = PBXBuildFile; fileRef = 59A9B1892023B34B00033F43 /* BasicNetworkingOperation.swift */; };
		59A9B1A32023B84E00033F43 /* EditPhotoViewModel.swift in Sources */ = {isa = PBXBuildFile; fileRef = 322B0B0C20210912003DD7EB /* EditPhotoViewModel.swift */; };
		59A9B1A62023B84E00033F43 /* LaunchScreen.storyboard in Resources */ = {isa = PBXBuildFile; fileRef = 32D78BA2201F75C40071B926 /* LaunchScreen.storyboard */; };
		59A9B1A72023B84E00033F43 /* Assets.xcassets in Resources */ = {isa = PBXBuildFile; fileRef = 32D78BA0201F75C40071B926 /* Assets.xcassets */; };
		59A9B1A82023B84E00033F43 /* Main.storyboard in Resources */ = {isa = PBXBuildFile; fileRef = 32D78B9D201F75C40071B926 /* Main.storyboard */; };
/* End PBXBuildFile section */

/* Begin PBXFileReference section */
		322927F2201F8775002E2541 /* MainFeedCollectionViewLayout.swift */ = {isa = PBXFileReference; lastKnownFileType = sourcecode.swift; path = MainFeedCollectionViewLayout.swift; sourceTree = "<group>"; };
		322927F5201F9E1A002E2541 /* MainFeedViewModel.swift */ = {isa = PBXFileReference; lastKnownFileType = sourcecode.swift; path = MainFeedViewModel.swift; sourceTree = "<group>"; };
		322927F8201F9E6B002E2541 /* PhotoFeedCell.swift */ = {isa = PBXFileReference; lastKnownFileType = sourcecode.swift; path = PhotoFeedCell.swift; sourceTree = "<group>"; };
		322927FB201FB837002E2541 /* Photo.swift */ = {isa = PBXFileReference; lastKnownFileType = sourcecode.swift; path = Photo.swift; sourceTree = "<group>"; };
		322927FE201FC0AA002E2541 /* DummyDataProvider.swift */ = {isa = PBXFileReference; lastKnownFileType = sourcecode.swift; path = DummyDataProvider.swift; sourceTree = "<group>"; };
		32292801201FCD43002E2541 /* GlobalHelpers.swift */ = {isa = PBXFileReference; lastKnownFileType = sourcecode.swift; path = GlobalHelpers.swift; sourceTree = "<group>"; };
		322B0B092020FE7D003DD7EB /* EditPhotoViewController.swift */ = {isa = PBXFileReference; lastKnownFileType = sourcecode.swift; path = EditPhotoViewController.swift; sourceTree = "<group>"; };
		322B0B0C20210912003DD7EB /* EditPhotoViewModel.swift */ = {isa = PBXFileReference; lastKnownFileType = sourcecode.swift; path = EditPhotoViewModel.swift; sourceTree = "<group>"; };
		322B0B0F2022677D003DD7EB /* OpenImageAnimator.swift */ = {isa = PBXFileReference; lastKnownFileType = sourcecode.swift; path = OpenImageAnimator.swift; sourceTree = "<group>"; };
		32D78B96201F75C40071B926 /* LionHeartDemo.app */ = {isa = PBXFileReference; explicitFileType = wrapper.application; includeInIndex = 0; path = LionHeartDemo.app; sourceTree = BUILT_PRODUCTS_DIR; };
		32D78B99201F75C40071B926 /* AppDelegate.swift */ = {isa = PBXFileReference; lastKnownFileType = sourcecode.swift; path = AppDelegate.swift; sourceTree = "<group>"; };
		32D78B9E201F75C40071B926 /* Base */ = {isa = PBXFileReference; lastKnownFileType = file.storyboard; name = Base; path = Base.lproj/Main.storyboard; sourceTree = "<group>"; };
		32D78BA0201F75C40071B926 /* Assets.xcassets */ = {isa = PBXFileReference; lastKnownFileType = folder.assetcatalog; path = Assets.xcassets; sourceTree = "<group>"; };
		32D78BA3201F75C40071B926 /* Base */ = {isa = PBXFileReference; lastKnownFileType = file.storyboard; name = Base; path = Base.lproj/LaunchScreen.storyboard; sourceTree = "<group>"; };
		32D78BA5201F75C40071B926 /* Info.plist */ = {isa = PBXFileReference; lastKnownFileType = text.plist.xml; path = Info.plist; sourceTree = "<group>"; };
		32D78BAB201F78FE0071B926 /* MainFeedCollectionViewController.swift */ = {isa = PBXFileReference; lastKnownFileType = sourcecode.swift; path = MainFeedCollectionViewController.swift; sourceTree = "<group>"; };
		32D78BB9201F7ABE0071B926 /* LionHeartDemo Dummy.app */ = {isa = PBXFileReference; explicitFileType = wrapper.application; includeInIndex = 0; path = "LionHeartDemo Dummy.app"; sourceTree = BUILT_PRODUCTS_DIR; };
		32D78BBB201F7B190071B926 /* Info-Dummy.plist */ = {isa = PBXFileReference; lastKnownFileType = text.plist.xml; path = "Info-Dummy.plist"; sourceTree = "<group>"; };
		32D78BC1201F80320071B926 /* DummyImages.xcassets */ = {isa = PBXFileReference; lastKnownFileType = folder.assetcatalog; path = DummyImages.xcassets; sourceTree = "<group>"; };
		59A0966F2023CEEE00C69191 /* PhotoFeedManager.swift */ = {isa = PBXFileReference; lastKnownFileType = sourcecode.swift; path = PhotoFeedManager.swift; sourceTree = "<group>"; };
		59A096722023DCED00C69191 /* GETImageNetworkingOperation.swift */ = {isa = PBXFileReference; lastKnownFileType = sourcecode.swift; path = GETImageNetworkingOperation.swift; sourceTree = "<group>"; };
		59A9B1822023B28800033F43 /* NetworkingOperationManager.swift */ = {isa = PBXFileReference; lastKnownFileType = sourcecode.swift; path = NetworkingOperationManager.swift; sourceTree = "<group>"; };
		59A9B1862023B2D600033F43 /* BasicOperation.swift */ = {isa = PBXFileReference; lastKnownFileType = sourcecode.swift; path = BasicOperation.swift; sourceTree = "<group>"; };
		59A9B1892023B34B00033F43 /* BasicNetworkingOperation.swift */ = {isa = PBXFileReference; lastKnownFileType = sourcecode.swift; path = BasicNetworkingOperation.swift; sourceTree = "<group>"; };
		59A9B18C2023B6C800033F43 /* GETFlickrFeedNetworkingOperation.swift */ = {isa = PBXFileReference; lastKnownFileType = sourcecode.swift; path = GETFlickrFeedNetworkingOperation.swift; sourceTree = "<group>"; };
		59A9B18F2023B78600033F43 /* APIConstants.swift */ = {isa = PBXFileReference; lastKnownFileType = sourcecode.swift; path = APIConstants.swift; sourceTree = "<group>"; };
		59A9B1AC2023B84E00033F43 /* LionHeartDemo TEST.app */ = {isa = PBXFileReference; explicitFileType = wrapper.application; includeInIndex = 0; path = "LionHeartDemo TEST.app"; sourceTree = BUILT_PRODUCTS_DIR; };
		59A9B1AD2023B84F00033F43 /* Info-Test.plist */ = {isa = PBXFileReference; lastKnownFileType = text.plist.xml; name = "Info-Test.plist"; path = "/Users/stoqn4o_pm/Documents/LionHeartDemo/LionHeartDemo/Configuration/Info-Test.plist"; sourceTree = "<absolute>"; };
/* End PBXFileReference section */

/* Begin PBXFrameworksBuildPhase section */
		32D78B93201F75C40071B926 /* Frameworks */ = {
			isa = PBXFrameworksBuildPhase;
			buildActionMask = 2147483647;
			files = (
			);
			runOnlyForDeploymentPostprocessing = 0;
		};
		32D78BB1201F7ABE0071B926 /* Frameworks */ = {
			isa = PBXFrameworksBuildPhase;
			buildActionMask = 2147483647;
			files = (
			);
			runOnlyForDeploymentPostprocessing = 0;
		};
		59A9B1A42023B84E00033F43 /* Frameworks */ = {
			isa = PBXFrameworksBuildPhase;
			buildActionMask = 2147483647;
			files = (
			);
			runOnlyForDeploymentPostprocessing = 0;
		};
/* End PBXFrameworksBuildPhase section */

/* Begin PBXGroup section */
		322927F1201F874A002E2541 /* Main Feed Screen */ = {
			isa = PBXGroup;
			children = (
				32292804201FCF55002E2541 /* Controller */,
				32292805201FCF71002E2541 /* View Model */,
			);
			path = "Main Feed Screen";
			sourceTree = "<group>";
		};
		32292804201FCF55002E2541 /* Controller */ = {
			isa = PBXGroup;
			children = (
				32D78BAB201F78FE0071B926 /* MainFeedCollectionViewController.swift */,
				322927F2201F8775002E2541 /* MainFeedCollectionViewLayout.swift */,
				322927F8201F9E6B002E2541 /* PhotoFeedCell.swift */,
			);
			path = Controller;
			sourceTree = "<group>";
		};
		32292805201FCF71002E2541 /* View Model */ = {
			isa = PBXGroup;
			children = (
				322927F5201F9E1A002E2541 /* MainFeedViewModel.swift */,
			);
			path = "View Model";
			sourceTree = "<group>";
		};
		32292807201FCFE0002E2541 /* Model */ = {
			isa = PBXGroup;
			children = (
				322927FB201FB837002E2541 /* Photo.swift */,
				322927FE201FC0AA002E2541 /* DummyDataProvider.swift */,
			);
			path = Model;
			sourceTree = "<group>";
		};
		322B0B082020FE3E003DD7EB /* Edit Photo Screen */ = {
			isa = PBXGroup;
			children = (
				322B0B092020FE7D003DD7EB /* EditPhotoViewController.swift */,
				322B0B0C20210912003DD7EB /* EditPhotoViewModel.swift */,
			);
			path = "Edit Photo Screen";
			sourceTree = "<group>";
		};
		32D78B8D201F75C40071B926 = {
			isa = PBXGroup;
			children = (
				32D78B98201F75C40071B926 /* LionHeartDemo */,
				32D78B97201F75C40071B926 /* Products */,
			);
			sourceTree = "<group>";
		};
		32D78B97201F75C40071B926 /* Products */ = {
			isa = PBXGroup;
			children = (
				32D78B96201F75C40071B926 /* LionHeartDemo.app */,
				32D78BB9201F7ABE0071B926 /* LionHeartDemo Dummy.app */,
				59A9B1AC2023B84E00033F43 /* LionHeartDemo TEST.app */,
			);
			name = Products;
			sourceTree = "<group>";
		};
		32D78B98201F75C40071B926 /* LionHeartDemo */ = {
			isa = PBXGroup;
			children = (
				59A9B1812023B26900033F43 /* Networking */,
				32D78BC5201F86850071B926 /* Screens */,
				32292807201FCFE0002E2541 /* Model */,
				32D78B99201F75C40071B926 /* AppDelegate.swift */,
				32292801201FCD43002E2541 /* GlobalHelpers.swift */,
				32D78BC3201F86360071B926 /* Art */,
				32D78BC4201F86480071B926 /* Configuration */,
			);
			path = LionHeartDemo;
			sourceTree = "<group>";
		};
		32D78BC3201F86360071B926 /* Art */ = {
			isa = PBXGroup;
			children = (
				32D78BA0201F75C40071B926 /* Assets.xcassets */,
				32D78BC1201F80320071B926 /* DummyImages.xcassets */,
			);
			path = Art;
			sourceTree = "<group>";
		};
		32D78BC4201F86480071B926 /* Configuration */ = {
			isa = PBXGroup;
			children = (
				32D78BA5201F75C40071B926 /* Info.plist */,
				59A9B1AD2023B84F00033F43 /* Info-Test.plist */,
				32D78BBB201F7B190071B926 /* Info-Dummy.plist */,
			);
			path = Configuration;
			sourceTree = "<group>";
		};
		32D78BC5201F86850071B926 /* Screens */ = {
			isa = PBXGroup;
			children = (
				32D78B9D201F75C40071B926 /* Main.storyboard */,
				32D78BA2201F75C40071B926 /* LaunchScreen.storyboard */,
				322927F1201F874A002E2541 /* Main Feed Screen */,
				322B0B082020FE3E003DD7EB /* Edit Photo Screen */,
				322B0B0F2022677D003DD7EB /* OpenImageAnimator.swift */,
			);
			path = Screens;
			sourceTree = "<group>";
		};
		59A9B1812023B26900033F43 /* Networking */ = {
			isa = PBXGroup;
			children = (
				59A9B18F2023B78600033F43 /* APIConstants.swift */,
				59A9B1822023B28800033F43 /* NetworkingOperationManager.swift */,
				59A0966F2023CEEE00C69191 /* PhotoFeedManager.swift */,
				59A9B1852023B29D00033F43 /* Networking Operations */,
			);
			path = Networking;
			sourceTree = "<group>";
		};
		59A9B1852023B29D00033F43 /* Networking Operations */ = {
			isa = PBXGroup;
			children = (
				59A9B1862023B2D600033F43 /* BasicOperation.swift */,
				59A9B1892023B34B00033F43 /* BasicNetworkingOperation.swift */,
				59A9B18C2023B6C800033F43 /* GETFlickrFeedNetworkingOperation.swift */,
				59A096722023DCED00C69191 /* GETImageNetworkingOperation.swift */,
			);
			path = "Networking Operations";
			sourceTree = "<group>";
		};
/* End PBXGroup section */

/* Begin PBXNativeTarget section */
		32D78B95201F75C40071B926 /* LionHeartDemo */ = {
			isa = PBXNativeTarget;
			buildConfigurationList = 32D78BA8201F75C40071B926 /* Build configuration list for PBXNativeTarget "LionHeartDemo" */;
			buildPhases = (
				32D78B92201F75C40071B926 /* Sources */,
				32D78B93201F75C40071B926 /* Frameworks */,
				32D78B94201F75C40071B926 /* Resources */,
			);
			buildRules = (
			);
			dependencies = (
			);
			name = LionHeartDemo;
			productName = LionHeartDemo;
			productReference = 32D78B96201F75C40071B926 /* LionHeartDemo.app */;
			productType = "com.apple.product-type.application";
		};
		32D78BAD201F7ABE0071B926 /* LionHeartDemo Dummy */ = {
			isa = PBXNativeTarget;
			buildConfigurationList = 32D78BB6201F7ABE0071B926 /* Build configuration list for PBXNativeTarget "LionHeartDemo Dummy" */;
			buildPhases = (
				32D78BAE201F7ABE0071B926 /* Sources */,
				32D78BB1201F7ABE0071B926 /* Frameworks */,
				32D78BB2201F7ABE0071B926 /* Resources */,
			);
			buildRules = (
			);
			dependencies = (
			);
			name = "LionHeartDemo Dummy";
			productName = LionHeartDemo;
			productReference = 32D78BB9201F7ABE0071B926 /* LionHeartDemo Dummy.app */;
			productType = "com.apple.product-type.application";
		};
		59A9B1922023B84E00033F43 /* LionHeartDemo TEST */ = {
			isa = PBXNativeTarget;
			buildConfigurationList = 59A9B1A92023B84E00033F43 /* Build configuration list for PBXNativeTarget "LionHeartDemo TEST" */;
			buildPhases = (
				59A9B1932023B84E00033F43 /* Sources */,
				59A9B1A42023B84E00033F43 /* Frameworks */,
				59A9B1A52023B84E00033F43 /* Resources */,
			);
			buildRules = (
			);
			dependencies = (
			);
			name = "LionHeartDemo TEST";
			productName = LionHeartDemo;
			productReference = 59A9B1AC2023B84E00033F43 /* LionHeartDemo TEST.app */;
			productType = "com.apple.product-type.application";
		};
/* End PBXNativeTarget section */

/* Begin PBXProject section */
		32D78B8E201F75C40071B926 /* Project object */ = {
			isa = PBXProject;
			attributes = {
				LastSwiftUpdateCheck = 0920;
				LastUpgradeCheck = 0920;
				ORGANIZATIONNAME = "Stoyan Stoyanov";
				TargetAttributes = {
					32D78B95201F75C40071B926 = {
						CreatedOnToolsVersion = 9.2;
						ProvisioningStyle = Automatic;
					};
					32D78BAD201F7ABE0071B926 = {
						ProvisioningStyle = Automatic;
					};
					59A9B1922023B84E00033F43 = {
						ProvisioningStyle = Automatic;
					};
				};
			};
			buildConfigurationList = 32D78B91201F75C40071B926 /* Build configuration list for PBXProject "LionHeartDemo" */;
			compatibilityVersion = "Xcode 8.0";
			developmentRegion = en;
			hasScannedForEncodings = 0;
			knownRegions = (
				en,
				Base,
			);
			mainGroup = 32D78B8D201F75C40071B926;
			productRefGroup = 32D78B97201F75C40071B926 /* Products */;
			projectDirPath = "";
			projectRoot = "";
			targets = (
				32D78B95201F75C40071B926 /* LionHeartDemo */,
				59A9B1922023B84E00033F43 /* LionHeartDemo TEST */,
				32D78BAD201F7ABE0071B926 /* LionHeartDemo Dummy */,
			);
		};
/* End PBXProject section */

/* Begin PBXResourcesBuildPhase section */
		32D78B94201F75C40071B926 /* Resources */ = {
			isa = PBXResourcesBuildPhase;
			buildActionMask = 2147483647;
			files = (
				32D78BA4201F75C40071B926 /* LaunchScreen.storyboard in Resources */,
				32D78BA1201F75C40071B926 /* Assets.xcassets in Resources */,
				32D78B9F201F75C40071B926 /* Main.storyboard in Resources */,
			);
			runOnlyForDeploymentPostprocessing = 0;
		};
		32D78BB2201F7ABE0071B926 /* Resources */ = {
			isa = PBXResourcesBuildPhase;
			buildActionMask = 2147483647;
			files = (
				32D78BBC201F7DB80071B926 /* Main.storyboard in Resources */,
				32D78BC0201F7DC80071B926 /* Assets.xcassets in Resources */,
				32D78BC2201F80320071B926 /* DummyImages.xcassets in Resources */,
				32D78BBF201F7DC30071B926 /* LaunchScreen.storyboard in Resources */,
			);
			runOnlyForDeploymentPostprocessing = 0;
		};
		59A9B1A52023B84E00033F43 /* Resources */ = {
			isa = PBXResourcesBuildPhase;
			buildActionMask = 2147483647;
			files = (
				59A9B1A62023B84E00033F43 /* LaunchScreen.storyboard in Resources */,
				59A9B1A72023B84E00033F43 /* Assets.xcassets in Resources */,
				59A9B1A82023B84E00033F43 /* Main.storyboard in Resources */,
			);
			runOnlyForDeploymentPostprocessing = 0;
		};
/* End PBXResourcesBuildPhase section */

/* Begin PBXSourcesBuildPhase section */
		32D78B92201F75C40071B926 /* Sources */ = {
			isa = PBXSourcesBuildPhase;
			buildActionMask = 2147483647;
			files = (
				59A9B1872023B2D600033F43 /* BasicOperation.swift in Sources */,
				322927FC201FB837002E2541 /* Photo.swift in Sources */,
				32292802201FCD43002E2541 /* GlobalHelpers.swift in Sources */,
				32D78B9A201F75C40071B926 /* AppDelegate.swift in Sources */,
				59A096732023DCED00C69191 /* GETImageNetworkingOperation.swift in Sources */,
				59A9B1902023B78600033F43 /* APIConstants.swift in Sources */,
				59A9B18D2023B6C800033F43 /* GETFlickrFeedNetworkingOperation.swift in Sources */,
				59A096702023CEEE00C69191 /* PhotoFeedManager.swift in Sources */,
				32292806201FCFD8002E2541 /* DummyDataProvider.swift in Sources */,
				322927F9201F9E6B002E2541 /* PhotoFeedCell.swift in Sources */,
				32D78BAC201F78FE0071B926 /* MainFeedCollectionViewController.swift in Sources */,
				322B0B102022677D003DD7EB /* OpenImageAnimator.swift in Sources */,
				322927F3201F8775002E2541 /* MainFeedCollectionViewLayout.swift in Sources */,
				322B0B0A2020FE7D003DD7EB /* EditPhotoViewController.swift in Sources */,
				322927F6201F9E1A002E2541 /* MainFeedViewModel.swift in Sources */,
				59A9B1832023B28800033F43 /* NetworkingOperationManager.swift in Sources */,
				59A9B18A2023B34B00033F43 /* BasicNetworkingOperation.swift in Sources */,
				322B0B0D20210912003DD7EB /* EditPhotoViewModel.swift in Sources */,
			);
			runOnlyForDeploymentPostprocessing = 0;
		};
		32D78BAE201F7ABE0071B926 /* Sources */ = {
			isa = PBXSourcesBuildPhase;
			buildActionMask = 2147483647;
			files = (
				322927FD201FB837002E2541 /* Photo.swift in Sources */,
				32292800201FC0AA002E2541 /* DummyDataProvider.swift in Sources */,
				32292803201FCD43002E2541 /* GlobalHelpers.swift in Sources */,
				32D78BBE201F7DBF0071B926 /* AppDelegate.swift in Sources */,
				59A0967B2023DD3000C69191 /* GETImageNetworkingOperation.swift in Sources */,
				59A0967A2023DD2D00C69191 /* GETFlickrFeedNetworkingOperation.swift in Sources */,
				59A096792023DD2B00C69191 /* BasicNetworkingOperation.swift in Sources */,
				322927FA201F9E6B002E2541 /* PhotoFeedCell.swift in Sources */,
				32D78BBD201F7DBB0071B926 /* MainFeedCollectionViewController.swift in Sources */,
				59A096762023DD2200C69191 /* NetworkingOperationManager.swift in Sources */,
				322B0B112022677D003DD7EB /* OpenImageAnimator.swift in Sources */,
				59A096782023DD2800C69191 /* BasicOperation.swift in Sources */,
				59A096772023DD2500C69191 /* PhotoFeedManager.swift in Sources */,
				322927F4201F8775002E2541 /* MainFeedCollectionViewLayout.swift in Sources */,
				59A096752023DD1E00C69191 /* APIConstants.swift in Sources */,
				322B0B0B2020FE7D003DD7EB /* EditPhotoViewController.swift in Sources */,
				322927F7201F9E1A002E2541 /* MainFeedViewModel.swift in Sources */,
				322B0B0E20210912003DD7EB /* EditPhotoViewModel.swift in Sources */,
			);
			runOnlyForDeploymentPostprocessing = 0;
		};
		59A9B1932023B84E00033F43 /* Sources */ = {
			isa = PBXSourcesBuildPhase;
			buildActionMask = 2147483647;
			files = (
				59A9B1942023B84E00033F43 /* BasicOperation.swift in Sources */,
				59A9B1952023B84E00033F43 /* Photo.swift in Sources */,
				59A9B1962023B84E00033F43 /* GlobalHelpers.swift in Sources */,
				59A9B1972023B84E00033F43 /* AppDelegate.swift in Sources */,
				59A096742023DCED00C69191 /* GETImageNetworkingOperation.swift in Sources */,
				59A9B1982023B84E00033F43 /* APIConstants.swift in Sources */,
				59A9B1992023B84E00033F43 /* GETFlickrFeedNetworkingOperation.swift in Sources */,
				59A096712023CEEE00C69191 /* PhotoFeedManager.swift in Sources */,
				59A9B19A2023B84E00033F43 /* DummyDataProvider.swift in Sources */,
				59A9B19B2023B84E00033F43 /* PhotoFeedCell.swift in Sources */,
				59A9B19C2023B84E00033F43 /* MainFeedCollectionViewController.swift in Sources */,
				59A9B19D2023B84E00033F43 /* OpenImageAnimator.swift in Sources */,
				59A9B19E2023B84E00033F43 /* MainFeedCollectionViewLayout.swift in Sources */,
				59A9B19F2023B84E00033F43 /* EditPhotoViewController.swift in Sources */,
				59A9B1A02023B84E00033F43 /* MainFeedViewModel.swift in Sources */,
				59A9B1A12023B84E00033F43 /* NetworkingOperationManager.swift in Sources */,
				59A9B1A22023B84E00033F43 /* BasicNetworkingOperation.swift in Sources */,
				59A9B1A32023B84E00033F43 /* EditPhotoViewModel.swift in Sources */,
			);
			runOnlyForDeploymentPostprocessing = 0;
		};
/* End PBXSourcesBuildPhase section */

/* Begin PBXVariantGroup section */
		32D78B9D201F75C40071B926 /* Main.storyboard */ = {
			isa = PBXVariantGroup;
			children = (
				32D78B9E201F75C40071B926 /* Base */,
			);
			name = Main.storyboard;
			sourceTree = "<group>";
		};
		32D78BA2201F75C40071B926 /* LaunchScreen.storyboard */ = {
			isa = PBXVariantGroup;
			children = (
				32D78BA3201F75C40071B926 /* Base */,
			);
			name = LaunchScreen.storyboard;
			sourceTree = "<group>";
		};
/* End PBXVariantGroup section */

/* Begin XCBuildConfiguration section */
		32D78BA6201F75C40071B926 /* Debug */ = {
			isa = XCBuildConfiguration;
			buildSettings = {
				ALWAYS_SEARCH_USER_PATHS = NO;
				CLANG_ANALYZER_NONNULL = YES;
				CLANG_ANALYZER_NUMBER_OBJECT_CONVERSION = YES_AGGRESSIVE;
				CLANG_CXX_LANGUAGE_STANDARD = "gnu++14";
				CLANG_CXX_LIBRARY = "libc++";
				CLANG_ENABLE_MODULES = YES;
				CLANG_ENABLE_OBJC_ARC = YES;
				CLANG_WARN_BLOCK_CAPTURE_AUTORELEASING = YES;
				CLANG_WARN_BOOL_CONVERSION = YES;
				CLANG_WARN_COMMA = YES;
				CLANG_WARN_CONSTANT_CONVERSION = YES;
				CLANG_WARN_DIRECT_OBJC_ISA_USAGE = YES_ERROR;
				CLANG_WARN_DOCUMENTATION_COMMENTS = YES;
				CLANG_WARN_EMPTY_BODY = YES;
				CLANG_WARN_ENUM_CONVERSION = YES;
				CLANG_WARN_INFINITE_RECURSION = YES;
				CLANG_WARN_INT_CONVERSION = YES;
				CLANG_WARN_NON_LITERAL_NULL_CONVERSION = YES;
				CLANG_WARN_OBJC_LITERAL_CONVERSION = YES;
				CLANG_WARN_OBJC_ROOT_CLASS = YES_ERROR;
				CLANG_WARN_RANGE_LOOP_ANALYSIS = YES;
				CLANG_WARN_STRICT_PROTOTYPES = YES;
				CLANG_WARN_SUSPICIOUS_MOVE = YES;
				CLANG_WARN_UNGUARDED_AVAILABILITY = YES_AGGRESSIVE;
				CLANG_WARN_UNREACHABLE_CODE = YES;
				CLANG_WARN__DUPLICATE_METHOD_MATCH = YES;
				CODE_SIGN_IDENTITY = "iPhone Developer";
				COPY_PHASE_STRIP = NO;
				DEBUG_INFORMATION_FORMAT = dwarf;
				ENABLE_STRICT_OBJC_MSGSEND = YES;
				ENABLE_TESTABILITY = YES;
				GCC_C_LANGUAGE_STANDARD = gnu11;
				GCC_DYNAMIC_NO_PIC = NO;
				GCC_NO_COMMON_BLOCKS = YES;
				GCC_OPTIMIZATION_LEVEL = 0;
				GCC_PREPROCESSOR_DEFINITIONS = (
					"DEBUG=1",
					"$(inherited)",
				);
				GCC_WARN_64_TO_32_BIT_CONVERSION = YES;
				GCC_WARN_ABOUT_RETURN_TYPE = YES_ERROR;
				GCC_WARN_UNDECLARED_SELECTOR = YES;
				GCC_WARN_UNINITIALIZED_AUTOS = YES_AGGRESSIVE;
				GCC_WARN_UNUSED_FUNCTION = YES;
				GCC_WARN_UNUSED_VARIABLE = YES;
				IPHONEOS_DEPLOYMENT_TARGET = 11.2;
				MTL_ENABLE_DEBUG_INFO = YES;
				ONLY_ACTIVE_ARCH = YES;
				SDKROOT = iphoneos;
				SWIFT_ACTIVE_COMPILATION_CONDITIONS = DEBUG;
				SWIFT_OPTIMIZATION_LEVEL = "-Onone";
			};
			name = Debug;
		};
		32D78BA7201F75C40071B926 /* Release */ = {
			isa = XCBuildConfiguration;
			buildSettings = {
				ALWAYS_SEARCH_USER_PATHS = NO;
				CLANG_ANALYZER_NONNULL = YES;
				CLANG_ANALYZER_NUMBER_OBJECT_CONVERSION = YES_AGGRESSIVE;
				CLANG_CXX_LANGUAGE_STANDARD = "gnu++14";
				CLANG_CXX_LIBRARY = "libc++";
				CLANG_ENABLE_MODULES = YES;
				CLANG_ENABLE_OBJC_ARC = YES;
				CLANG_WARN_BLOCK_CAPTURE_AUTORELEASING = YES;
				CLANG_WARN_BOOL_CONVERSION = YES;
				CLANG_WARN_COMMA = YES;
				CLANG_WARN_CONSTANT_CONVERSION = YES;
				CLANG_WARN_DIRECT_OBJC_ISA_USAGE = YES_ERROR;
				CLANG_WARN_DOCUMENTATION_COMMENTS = YES;
				CLANG_WARN_EMPTY_BODY = YES;
				CLANG_WARN_ENUM_CONVERSION = YES;
				CLANG_WARN_INFINITE_RECURSION = YES;
				CLANG_WARN_INT_CONVERSION = YES;
				CLANG_WARN_NON_LITERAL_NULL_CONVERSION = YES;
				CLANG_WARN_OBJC_LITERAL_CONVERSION = YES;
				CLANG_WARN_OBJC_ROOT_CLASS = YES_ERROR;
				CLANG_WARN_RANGE_LOOP_ANALYSIS = YES;
				CLANG_WARN_STRICT_PROTOTYPES = YES;
				CLANG_WARN_SUSPICIOUS_MOVE = YES;
				CLANG_WARN_UNGUARDED_AVAILABILITY = YES_AGGRESSIVE;
				CLANG_WARN_UNREACHABLE_CODE = YES;
				CLANG_WARN__DUPLICATE_METHOD_MATCH = YES;
				CODE_SIGN_IDENTITY = "iPhone Developer";
				COPY_PHASE_STRIP = NO;
				DEBUG_INFORMATION_FORMAT = "dwarf-with-dsym";
				ENABLE_NS_ASSERTIONS = NO;
				ENABLE_STRICT_OBJC_MSGSEND = YES;
				GCC_C_LANGUAGE_STANDARD = gnu11;
				GCC_NO_COMMON_BLOCKS = YES;
				GCC_WARN_64_TO_32_BIT_CONVERSION = YES;
				GCC_WARN_ABOUT_RETURN_TYPE = YES_ERROR;
				GCC_WARN_UNDECLARED_SELECTOR = YES;
				GCC_WARN_UNINITIALIZED_AUTOS = YES_AGGRESSIVE;
				GCC_WARN_UNUSED_FUNCTION = YES;
				GCC_WARN_UNUSED_VARIABLE = YES;
				IPHONEOS_DEPLOYMENT_TARGET = 11.2;
				MTL_ENABLE_DEBUG_INFO = NO;
				SDKROOT = iphoneos;
				SWIFT_OPTIMIZATION_LEVEL = "-Owholemodule";
				VALIDATE_PRODUCT = YES;
			};
			name = Release;
		};
		32D78BA9201F75C40071B926 /* Debug */ = {
			isa = XCBuildConfiguration;
			buildSettings = {
				ASSETCATALOG_COMPILER_APPICON_NAME = AppIcon;
				CODE_SIGN_STYLE = Automatic;
				DEVELOPMENT_TEAM = PPF77J63K7;
				INFOPLIST_FILE = "$(SRCROOT)/LionHeartDemo/Configuration/Info.plist";
				LD_RUNPATH_SEARCH_PATHS = "$(inherited) @executable_path/Frameworks";
				OTHER_SWIFT_FLAGS = "-DPROD";
				PRODUCT_BUNDLE_IDENTIFIER = "com.stoyan-stoyanov.LionHeartDemo";
				PRODUCT_NAME = "$(TARGET_NAME)";
				SWIFT_VERSION = 4.0;
				TARGETED_DEVICE_FAMILY = 1;
			};
			name = Debug;
		};
		32D78BAA201F75C40071B926 /* Release */ = {
			isa = XCBuildConfiguration;
			buildSettings = {
				ASSETCATALOG_COMPILER_APPICON_NAME = AppIcon;
				CODE_SIGN_STYLE = Automatic;
				DEVELOPMENT_TEAM = PPF77J63K7;
				INFOPLIST_FILE = "$(SRCROOT)/LionHeartDemo/Configuration/Info.plist";
				LD_RUNPATH_SEARCH_PATHS = "$(inherited) @executable_path/Frameworks";
				OTHER_SWIFT_FLAGS = "-DPROD";
				PRODUCT_BUNDLE_IDENTIFIER = "com.stoyan-stoyanov.LionHeartDemo";
				PRODUCT_NAME = "$(TARGET_NAME)";
				SWIFT_VERSION = 4.0;
				TARGETED_DEVICE_FAMILY = 1;
			};
			name = Release;
		};
		32D78BB7201F7ABE0071B926 /* Debug */ = {
			isa = XCBuildConfiguration;
			buildSettings = {
				ASSETCATALOG_COMPILER_APPICON_NAME = AppIcon;
				CODE_SIGN_STYLE = Automatic;
				DEVELOPMENT_TEAM = PPF77J63K7;
				INFOPLIST_FILE = "$(SRCROOT)/LionHeartDemo/Configuration/Info-Dummy.plist";
				LD_RUNPATH_SEARCH_PATHS = "$(inherited) @executable_path/Frameworks";
				OTHER_SWIFT_FLAGS = "-DDUMMY";
				PRODUCT_BUNDLE_IDENTIFIER = "com.stoyan-stoyanov.LionHeartDemo.Dumm";
				PRODUCT_NAME = "$(TARGET_NAME)";
				SWIFT_VERSION = 4.0;
				TARGETED_DEVICE_FAMILY = 1;
			};
			name = Debug;
		};
		32D78BB8201F7ABE0071B926 /* Release */ = {
			isa = XCBuildConfiguration;
			buildSettings = {
				ASSETCATALOG_COMPILER_APPICON_NAME = AppIcon;
				CODE_SIGN_STYLE = Automatic;
				DEVELOPMENT_TEAM = PPF77J63K7;
				INFOPLIST_FILE = "$(SRCROOT)/LionHeartDemo/Configuration/Info-Dummy.plist";
				LD_RUNPATH_SEARCH_PATHS = "$(inherited) @executable_path/Frameworks";
				OTHER_SWIFT_FLAGS = "-DDUMMY";
				PRODUCT_BUNDLE_IDENTIFIER = "com.stoyan-stoyanov.LionHeartDemo.Dumm";
				PRODUCT_NAME = "$(TARGET_NAME)";
				SWIFT_VERSION = 4.0;
				TARGETED_DEVICE_FAMILY = 1;
			};
			name = Release;
		};
		59A9B1AA2023B84E00033F43 /* Debug */ = {
			isa = XCBuildConfiguration;
			buildSettings = {
				ASSETCATALOG_COMPILER_APPICON_NAME = AppIcon;
				CODE_SIGN_STYLE = Automatic;
				DEVELOPMENT_TEAM = PPF77J63K7;
				INFOPLIST_FILE = "$(SRCROOT)/LionHeartDemo/Configuration/Info-Test.plist";
				LD_RUNPATH_SEARCH_PATHS = "$(inherited) @executable_path/Frameworks";
				OTHER_SWIFT_FLAGS = "-DTEST";
				PRODUCT_BUNDLE_IDENTIFIER = "com.stoyan-stoyanov.LionHeartDemo";
				PRODUCT_NAME = "$(TARGET_NAME)";
				SWIFT_VERSION = 4.0;
				TARGETED_DEVICE_FAMILY = 1;
			};
			name = Debug;
		};
		59A9B1AB2023B84E00033F43 /* Release */ = {
			isa = XCBuildConfiguration;
			buildSettings = {
				ASSETCATALOG_COMPILER_APPICON_NAME = AppIcon;
				CODE_SIGN_STYLE = Automatic;
				DEVELOPMENT_TEAM = PPF77J63K7;
				INFOPLIST_FILE = "$(SRCROOT)/LionHeartDemo/Configuration/Info-Test.plist";
				LD_RUNPATH_SEARCH_PATHS = "$(inherited) @executable_path/Frameworks";
				OTHER_SWIFT_FLAGS = "-DTEST";
				PRODUCT_BUNDLE_IDENTIFIER = "com.stoyan-stoyanov.LionHeartDemo";
				PRODUCT_NAME = "$(TARGET_NAME)";
				SWIFT_VERSION = 4.0;
				TARGETED_DEVICE_FAMILY = 1;
			};
			name = Release;
		};
/* End XCBuildConfiguration section */

/* Begin XCConfigurationList section */
		32D78B91201F75C40071B926 /* Build configuration list for PBXProject "LionHeartDemo" */ = {
			isa = XCConfigurationList;
			buildConfigurations = (
				32D78BA6201F75C40071B926 /* Debug */,
				32D78BA7201F75C40071B926 /* Release */,
			);
			defaultConfigurationIsVisible = 0;
			defaultConfigurationName = Release;
		};
		32D78BA8201F75C40071B926 /* Build configuration list for PBXNativeTarget "LionHeartDemo" */ = {
			isa = XCConfigurationList;
			buildConfigurations = (
				32D78BA9201F75C40071B926 /* Debug */,
				32D78BAA201F75C40071B926 /* Release */,
			);
			defaultConfigurationIsVisible = 0;
			defaultConfigurationName = Release;
		};
		32D78BB6201F7ABE0071B926 /* Build configuration list for PBXNativeTarget "LionHeartDemo Dummy" */ = {
			isa = XCConfigurationList;
			buildConfigurations = (
				32D78BB7201F7ABE0071B926 /* Debug */,
				32D78BB8201F7ABE0071B926 /* Release */,
			);
			defaultConfigurationIsVisible = 0;
			defaultConfigurationName = Release;
		};
		59A9B1A92023B84E00033F43 /* Build configuration list for PBXNativeTarget "LionHeartDemo TEST" */ = {
			isa = XCConfigurationList;
			buildConfigurations = (
				59A9B1AA2023B84E00033F43 /* Debug */,
				59A9B1AB2023B84E00033F43 /* Release */,
			);
			defaultConfigurationIsVisible = 0;
			defaultConfigurationName = Release;
		};
/* End XCConfigurationList section */
	};
	rootObject = 32D78B8E201F75C40071B926 /* Project object */;
}
